
Microsoft Visual Studio Solution File, Format Version 12.00
# Visual Studio Version 17
VisualStudioVersion = 17.1.32421.90
MinimumVisualStudioVersion = 10.0.40219.1
Project("{FAE04EC0-301F-11D3-BF4B-00C04F79EFBC}") = "Pasajeros", "Pasajeros\Pasajeros.csproj", "{AA7AE8EA-26E3-4A77-960E-E1BA6F8B765E}"
EndProject
Project("{FAE04EC0-301F-11D3-BF4B-00C04F79EFBC}") = "Entidades", "Entidades\Entidades.csproj", "{C2F35528-6D2C-47DC-A541-FD293F066048}"
EndProject
Global
	GlobalSection(SolutionConfigurationPlatforms) = preSolution
		Debug|Any CPU = Debug|Any CPU
		Release|Any CPU = Release|Any CPU
	EndGlobalSection
	GlobalSection(ProjectConfigurationPlatforms) = postSolution
		{AA7AE8EA-26E3-4A77-960E-E1BA6F8B765E}.Debug|Any CPU.ActiveCfg = Debug|Any CPU
		{AA7AE8EA-26E3-4A77-960E-E1BA6F8B765E}.Debug|Any CPU.Build.0 = Debug|Any CPU
		{AA7AE8EA-26E3-4A77-960E-E1BA6F8B765E}.Release|Any CPU.ActiveCfg = Release|Any CPU
		{AA7AE8EA-26E3-4A77-960E-E1BA6F8B765E}.Release|Any CPU.Build.0 = Release|Any CPU
		{C2F35528-6D2C-47DC-A541-FD293F066048}.Debug|Any CPU.ActiveCfg = Debug|Any CPU
		{C2F35528-6D2C-47DC-A541-FD293F066048}.Debug|Any CPU.Build.0 = Debug|Any CPU
		{C2F35528-6D2C-47DC-A541-FD293F066048}.Release|Any CPU.ActiveCfg = Release|Any CPU
		{C2F35528-6D2C-47DC-A541-FD293F066048}.Release|Any CPU.Build.0 = Release|Any CPU
	EndGlobalSection
	GlobalSection(SolutionProperties) = preSolution
		HideSolutionNode = FALSE
	EndGlobalSection
	GlobalSection(ExtensibilityGlobals) = postSolution
		SolutionGuid = {3016F860-3CE7-417E-AA3F-41DDAC0F903D}
	EndGlobalSection
EndGlobal
