
Microsoft Visual Studio Solution File, Format Version 12.00
# Visual Studio Version 17
VisualStudioVersion = 17.1.32421.90
MinimumVisualStudioVersion = 10.0.40219.1
Project("{FAE04EC0-301F-11D3-BF4B-00C04F79EFBC}") = "LinqExercises.UI", "LinqExercises.UI\LinqExercises.UI.csproj", "{1003B992-FC14-4EF1-AAA9-17E4F5B9C972}"
EndProject
Project("{FAE04EC0-301F-11D3-BF4B-00C04F79EFBC}") = "LinqExercises.Data", "LinqExercises.Data\LinqExercises.Data.csproj", "{4EF650E9-862F-4775-A1EB-FFBE703651F5}"
EndProject
Project("{FAE04EC0-301F-11D3-BF4B-00C04F79EFBC}") = "LinqExercises.Logic", "LinqExercises.Logic\LinqExercises.Logic.csproj", "{578C4C74-71CE-4821-AF07-FD43D9F57B50}"
EndProject
Project("{FAE04EC0-301F-11D3-BF4B-00C04F79EFBC}") = "LinqExercises.Entities", "LinqExercises.Entities\LinqExercises.Entities.csproj", "{387F7EB7-DC33-46BB-8468-F3903AE1E755}"
EndProject
Global
	GlobalSection(SolutionConfigurationPlatforms) = preSolution
		Debug|Any CPU = Debug|Any CPU
		Release|Any CPU = Release|Any CPU
	EndGlobalSection
	GlobalSection(ProjectConfigurationPlatforms) = postSolution
		{1003B992-FC14-4EF1-AAA9-17E4F5B9C972}.Debug|Any CPU.ActiveCfg = Debug|Any CPU
		{1003B992-FC14-4EF1-AAA9-17E4F5B9C972}.Debug|Any CPU.Build.0 = Debug|Any CPU
		{1003B992-FC14-4EF1-AAA9-17E4F5B9C972}.Release|Any CPU.ActiveCfg = Release|Any CPU
		{1003B992-FC14-4EF1-AAA9-17E4F5B9C972}.Release|Any CPU.Build.0 = Release|Any CPU
		{4EF650E9-862F-4775-A1EB-FFBE703651F5}.Debug|Any CPU.ActiveCfg = Debug|Any CPU
		{4EF650E9-862F-4775-A1EB-FFBE703651F5}.Debug|Any CPU.Build.0 = Debug|Any CPU
		{4EF650E9-862F-4775-A1EB-FFBE703651F5}.Release|Any CPU.ActiveCfg = Release|Any CPU
		{4EF650E9-862F-4775-A1EB-FFBE703651F5}.Release|Any CPU.Build.0 = Release|Any CPU
		{578C4C74-71CE-4821-AF07-FD43D9F57B50}.Debug|Any CPU.ActiveCfg = Debug|Any CPU
		{578C4C74-71CE-4821-AF07-FD43D9F57B50}.Debug|Any CPU.Build.0 = Debug|Any CPU
		{578C4C74-71CE-4821-AF07-FD43D9F57B50}.Release|Any CPU.ActiveCfg = Release|Any CPU
		{578C4C74-71CE-4821-AF07-FD43D9F57B50}.Release|Any CPU.Build.0 = Release|Any CPU
		{387F7EB7-DC33-46BB-8468-F3903AE1E755}.Debug|Any CPU.ActiveCfg = Debug|Any CPU
		{387F7EB7-DC33-46BB-8468-F3903AE1E755}.Debug|Any CPU.Build.0 = Debug|Any CPU
		{387F7EB7-DC33-46BB-8468-F3903AE1E755}.Release|Any CPU.ActiveCfg = Release|Any CPU
		{387F7EB7-DC33-46BB-8468-F3903AE1E755}.Release|Any CPU.Build.0 = Release|Any CPU
	EndGlobalSection
	GlobalSection(SolutionProperties) = preSolution
		HideSolutionNode = FALSE
	EndGlobalSection
	GlobalSection(ExtensibilityGlobals) = postSolution
		SolutionGuid = {836399B5-57C1-409B-A568-F5267902E84C}
	EndGlobalSection
EndGlobal
