
Microsoft Visual Studio Solution File, Format Version 12.00
# Visual Studio Version 17
VisualStudioVersion = 17.1.32421.90
MinimumVisualStudioVersion = 10.0.40219.1
Project("{FAE04EC0-301F-11D3-BF4B-00C04F79EFBC}") = "TrabajoPracticotres.UI", "TrabajoPracticotres.UI\TrabajoPracticotres.UI.csproj", "{56712B93-6AD6-4178-84A4-12B611FAB52B}"
EndProject
Project("{FAE04EC0-301F-11D3-BF4B-00C04F79EFBC}") = "EntityFramework.Data", "EntityFramework.Data\EntityFramework.Data.csproj", "{B9A31B1D-E7D7-4EAC-A4D4-CE2166F783D5}"
EndProject
Project("{FAE04EC0-301F-11D3-BF4B-00C04F79EFBC}") = "EntityFramework.Logic", "EntityFramework.Logic\EntityFramework.Logic.csproj", "{3628C5BB-88D7-46C2-9A9D-A1127FB193BF}"
EndProject
Project("{FAE04EC0-301F-11D3-BF4B-00C04F79EFBC}") = "EntityFramework.Entities", "EntityFramework.Entities\EntityFramework.Entities.csproj", "{0F216B90-CFCB-4555-A34B-3CC7EE6696DC}"
EndProject
Project("{FAE04EC0-301F-11D3-BF4B-00C04F79EFBC}") = "EntityFramework.LogicTests", "EntityFramework.LogicTests\EntityFramework.LogicTests.csproj", "{CD15479F-7A60-458A-A2C4-7DA628E279E1}"
EndProject
Project("{FAE04EC0-301F-11D3-BF4B-00C04F79EFBC}") = "EntityFramework.MVC", "EntityFramework.MVC\EntityFramework.MVC.csproj", "{4CB8AE6E-CEA1-41C0-ABA7-8F795BEB420E}"
EndProject
Global
	GlobalSection(SolutionConfigurationPlatforms) = preSolution
		Debug|Any CPU = Debug|Any CPU
		Release|Any CPU = Release|Any CPU
	EndGlobalSection
	GlobalSection(ProjectConfigurationPlatforms) = postSolution
		{56712B93-6AD6-4178-84A4-12B611FAB52B}.Debug|Any CPU.ActiveCfg = Debug|Any CPU
		{56712B93-6AD6-4178-84A4-12B611FAB52B}.Debug|Any CPU.Build.0 = Debug|Any CPU
		{56712B93-6AD6-4178-84A4-12B611FAB52B}.Release|Any CPU.ActiveCfg = Release|Any CPU
		{56712B93-6AD6-4178-84A4-12B611FAB52B}.Release|Any CPU.Build.0 = Release|Any CPU
		{B9A31B1D-E7D7-4EAC-A4D4-CE2166F783D5}.Debug|Any CPU.ActiveCfg = Debug|Any CPU
		{B9A31B1D-E7D7-4EAC-A4D4-CE2166F783D5}.Debug|Any CPU.Build.0 = Debug|Any CPU
		{B9A31B1D-E7D7-4EAC-A4D4-CE2166F783D5}.Release|Any CPU.ActiveCfg = Release|Any CPU
		{B9A31B1D-E7D7-4EAC-A4D4-CE2166F783D5}.Release|Any CPU.Build.0 = Release|Any CPU
		{3628C5BB-88D7-46C2-9A9D-A1127FB193BF}.Debug|Any CPU.ActiveCfg = Debug|Any CPU
		{3628C5BB-88D7-46C2-9A9D-A1127FB193BF}.Debug|Any CPU.Build.0 = Debug|Any CPU
		{3628C5BB-88D7-46C2-9A9D-A1127FB193BF}.Release|Any CPU.ActiveCfg = Release|Any CPU
		{3628C5BB-88D7-46C2-9A9D-A1127FB193BF}.Release|Any CPU.Build.0 = Release|Any CPU
		{0F216B90-CFCB-4555-A34B-3CC7EE6696DC}.Debug|Any CPU.ActiveCfg = Debug|Any CPU
		{0F216B90-CFCB-4555-A34B-3CC7EE6696DC}.Debug|Any CPU.Build.0 = Debug|Any CPU
		{0F216B90-CFCB-4555-A34B-3CC7EE6696DC}.Release|Any CPU.ActiveCfg = Release|Any CPU
		{0F216B90-CFCB-4555-A34B-3CC7EE6696DC}.Release|Any CPU.Build.0 = Release|Any CPU
		{CD15479F-7A60-458A-A2C4-7DA628E279E1}.Debug|Any CPU.ActiveCfg = Debug|Any CPU
		{CD15479F-7A60-458A-A2C4-7DA628E279E1}.Debug|Any CPU.Build.0 = Debug|Any CPU
		{CD15479F-7A60-458A-A2C4-7DA628E279E1}.Release|Any CPU.ActiveCfg = Release|Any CPU
		{CD15479F-7A60-458A-A2C4-7DA628E279E1}.Release|Any CPU.Build.0 = Release|Any CPU
		{4CB8AE6E-CEA1-41C0-ABA7-8F795BEB420E}.Debug|Any CPU.ActiveCfg = Debug|Any CPU
		{4CB8AE6E-CEA1-41C0-ABA7-8F795BEB420E}.Debug|Any CPU.Build.0 = Debug|Any CPU
		{4CB8AE6E-CEA1-41C0-ABA7-8F795BEB420E}.Release|Any CPU.ActiveCfg = Release|Any CPU
		{4CB8AE6E-CEA1-41C0-ABA7-8F795BEB420E}.Release|Any CPU.Build.0 = Release|Any CPU
	EndGlobalSection
	GlobalSection(SolutionProperties) = preSolution
		HideSolutionNode = FALSE
	EndGlobalSection
	GlobalSection(ExtensibilityGlobals) = postSolution
		SolutionGuid = {73F9CE87-7B0D-4C9E-8FE9-73294DF342C0}
	EndGlobalSection
EndGlobal
